
Microsoft Visual Studio Solution File, Format Version 12.00
# Visual Studio 15
VisualStudioVersion = 15.0.28010.2048
MinimumVisualStudioVersion = 10.0.40219.1
Project("{F184B08F-C81C-45F6-A57F-5ABD9991F28F}") = "Poker Tracker Project", "Poker Tracker Project\Poker Tracker Project.vbproj", "{C5432092-B1AE-4695-9738-76ED12A9F4E7}"
EndProject
Global
	GlobalSection(SolutionConfigurationPlatforms) = preSolution
		Debug|Any CPU = Debug|Any CPU
		Release|Any CPU = Release|Any CPU
	EndGlobalSection
	GlobalSection(ProjectConfigurationPlatforms) = postSolution
		{C5432092-B1AE-4695-9738-76ED12A9F4E7}.Debug|Any CPU.ActiveCfg = Debug|Any CPU
		{C5432092-B1AE-4695-9738-76ED12A9F4E7}.Debug|Any CPU.Build.0 = Debug|Any CPU
		{C5432092-B1AE-4695-9738-76ED12A9F4E7}.Release|Any CPU.ActiveCfg = Release|Any CPU
		{C5432092-B1AE-4695-9738-76ED12A9F4E7}.Release|Any CPU.Build.0 = Release|Any CPU
	EndGlobalSection
	GlobalSection(SolutionProperties) = preSolution
		HideSolutionNode = FALSE
	EndGlobalSection
	GlobalSection(ExtensibilityGlobals) = postSolution
		SolutionGuid = {D074440D-C001-47D1-A730-B3678999D1A8}
	EndGlobalSection
EndGlobal
